
Microsoft Visual Studio Solution File, Format Version 12.00
# Visual Studio Version 17
VisualStudioVersion = 17.10.35013.160
MinimumVisualStudioVersion = 10.0.40219.1
Project("{9A19103F-16F7-4668-BE54-9A1E7A4F7556}") = "DOT503", "DOT503\DOT503.csproj", "{5376CA85-6E0C-492F-833F-72AF13E17B27}"
EndProject
Project("{FAE04EC0-301F-11D3-BF4B-00C04F79EFBC}") = "DOT503TestProject", "DOT503TestProject\DOT503TestProject.csproj", "{55EC1B1A-D4B3-41CE-8850-A57602A16D18}"
EndProject
Global
	GlobalSection(SolutionConfigurationPlatforms) = preSolution
		Debug|Any CPU = Debug|Any CPU
		Release|Any CPU = Release|Any CPU
	EndGlobalSection
	GlobalSection(ProjectConfigurationPlatforms) = postSolution
		{5376CA85-6E0C-492F-833F-72AF13E17B27}.Debug|Any CPU.ActiveCfg = Debug|Any CPU
		{5376CA85-6E0C-492F-833F-72AF13E17B27}.Debug|Any CPU.Build.0 = Debug|Any CPU
		{5376CA85-6E0C-492F-833F-72AF13E17B27}.Release|Any CPU.ActiveCfg = Release|Any CPU
		{5376CA85-6E0C-492F-833F-72AF13E17B27}.Release|Any CPU.Build.0 = Release|Any CPU
		{55EC1B1A-D4B3-41CE-8850-A57602A16D18}.Debug|Any CPU.ActiveCfg = Debug|Any CPU
		{55EC1B1A-D4B3-41CE-8850-A57602A16D18}.Debug|Any CPU.Build.0 = Debug|Any CPU
		{55EC1B1A-D4B3-41CE-8850-A57602A16D18}.Release|Any CPU.ActiveCfg = Release|Any CPU
		{55EC1B1A-D4B3-41CE-8850-A57602A16D18}.Release|Any CPU.Build.0 = Release|Any CPU
	EndGlobalSection
	GlobalSection(SolutionProperties) = preSolution
		HideSolutionNode = FALSE
	EndGlobalSection
	GlobalSection(ExtensibilityGlobals) = postSolution
		SolutionGuid = {128C1B4C-A243-4E15-83B1-EA3D3F58BE75}
	EndGlobalSection
EndGlobal
